
Microsoft Visual Studio Solution File, Format Version 12.00
# Visual Studio 15
VisualStudioVersion = 15.0.26124.0
MinimumVisualStudioVersion = 15.0.26124.0
Project("{9A19103F-16F7-4668-BE54-9A1E7A4F7556}") = "Ringor", "Ringor\Ringor.csproj", "{59357730-9495-4F38-BF94-DB822FC33FDB}"
EndProject
Project("{9A19103F-16F7-4668-BE54-9A1E7A4F7556}") = "Ringor.Tests", "Ringor.Tests\Ringor.Tests.csproj", "{69650B8C-A080-47EF-80D4-8FF110CF71E1}"
EndProject
Project("{9A19103F-16F7-4668-BE54-9A1E7A4F7556}") = "Ringor.Api", "Ringor.Api\Ringor.Api.csproj", "{37D4A4CF-321E-4AD8-A892-7BA3B20D2C09}"
EndProject
Project("{9A19103F-16F7-4668-BE54-9A1E7A4F7556}") = "Build", "Build\Build.csproj", "{0AC810AC-C061-4016-ABB8-47411ED8D402}"
EndProject
Project("{FAE04EC0-301F-11D3-BF4B-00C04F79EFBC}") = "Ringor.Utils", "Ringor.Utils\Ringor.Utils.csproj", "{5A92C6EF-6D9C-486F-8411-60C29E438FA8}"
EndProject
Global
	GlobalSection(SolutionConfigurationPlatforms) = preSolution
		Debug|Any CPU = Debug|Any CPU
		Debug|x64 = Debug|x64
		Debug|x86 = Debug|x86
		Release|Any CPU = Release|Any CPU
		Release|x64 = Release|x64
		Release|x86 = Release|x86
	EndGlobalSection
	GlobalSection(ProjectConfigurationPlatforms) = postSolution
		{59357730-9495-4F38-BF94-DB822FC33FDB}.Debug|Any CPU.ActiveCfg = Debug|Any CPU
		{59357730-9495-4F38-BF94-DB822FC33FDB}.Debug|Any CPU.Build.0 = Debug|Any CPU
		{59357730-9495-4F38-BF94-DB822FC33FDB}.Debug|x64.ActiveCfg = Debug|Any CPU
		{59357730-9495-4F38-BF94-DB822FC33FDB}.Debug|x64.Build.0 = Debug|Any CPU
		{59357730-9495-4F38-BF94-DB822FC33FDB}.Debug|x86.ActiveCfg = Debug|Any CPU
		{59357730-9495-4F38-BF94-DB822FC33FDB}.Debug|x86.Build.0 = Debug|Any CPU
		{59357730-9495-4F38-BF94-DB822FC33FDB}.Release|Any CPU.ActiveCfg = Release|Any CPU
		{59357730-9495-4F38-BF94-DB822FC33FDB}.Release|Any CPU.Build.0 = Release|Any CPU
		{59357730-9495-4F38-BF94-DB822FC33FDB}.Release|x64.ActiveCfg = Release|Any CPU
		{59357730-9495-4F38-BF94-DB822FC33FDB}.Release|x64.Build.0 = Release|Any CPU
		{59357730-9495-4F38-BF94-DB822FC33FDB}.Release|x86.ActiveCfg = Release|Any CPU
		{59357730-9495-4F38-BF94-DB822FC33FDB}.Release|x86.Build.0 = Release|Any CPU
		{69650B8C-A080-47EF-80D4-8FF110CF71E1}.Debug|Any CPU.ActiveCfg = Debug|Any CPU
		{69650B8C-A080-47EF-80D4-8FF110CF71E1}.Debug|Any CPU.Build.0 = Debug|Any CPU
		{69650B8C-A080-47EF-80D4-8FF110CF71E1}.Debug|x64.ActiveCfg = Debug|Any CPU
		{69650B8C-A080-47EF-80D4-8FF110CF71E1}.Debug|x64.Build.0 = Debug|Any CPU
		{69650B8C-A080-47EF-80D4-8FF110CF71E1}.Debug|x86.ActiveCfg = Debug|Any CPU
		{69650B8C-A080-47EF-80D4-8FF110CF71E1}.Debug|x86.Build.0 = Debug|Any CPU
		{69650B8C-A080-47EF-80D4-8FF110CF71E1}.Release|Any CPU.ActiveCfg = Release|Any CPU
		{69650B8C-A080-47EF-80D4-8FF110CF71E1}.Release|Any CPU.Build.0 = Release|Any CPU
		{69650B8C-A080-47EF-80D4-8FF110CF71E1}.Release|x64.ActiveCfg = Release|Any CPU
		{69650B8C-A080-47EF-80D4-8FF110CF71E1}.Release|x64.Build.0 = Release|Any CPU
		{69650B8C-A080-47EF-80D4-8FF110CF71E1}.Release|x86.ActiveCfg = Release|Any CPU
		{69650B8C-A080-47EF-80D4-8FF110CF71E1}.Release|x86.Build.0 = Release|Any CPU
		{37D4A4CF-321E-4AD8-A892-7BA3B20D2C09}.Debug|Any CPU.ActiveCfg = Debug|Any CPU
		{37D4A4CF-321E-4AD8-A892-7BA3B20D2C09}.Debug|Any CPU.Build.0 = Debug|Any CPU
		{37D4A4CF-321E-4AD8-A892-7BA3B20D2C09}.Debug|x64.ActiveCfg = Debug|Any CPU
		{37D4A4CF-321E-4AD8-A892-7BA3B20D2C09}.Debug|x64.Build.0 = Debug|Any CPU
		{37D4A4CF-321E-4AD8-A892-7BA3B20D2C09}.Debug|x86.ActiveCfg = Debug|Any CPU
		{37D4A4CF-321E-4AD8-A892-7BA3B20D2C09}.Debug|x86.Build.0 = Debug|Any CPU
		{37D4A4CF-321E-4AD8-A892-7BA3B20D2C09}.Release|Any CPU.ActiveCfg = Release|Any CPU
		{37D4A4CF-321E-4AD8-A892-7BA3B20D2C09}.Release|Any CPU.Build.0 = Release|Any CPU
		{37D4A4CF-321E-4AD8-A892-7BA3B20D2C09}.Release|x64.ActiveCfg = Release|Any CPU
		{37D4A4CF-321E-4AD8-A892-7BA3B20D2C09}.Release|x64.Build.0 = Release|Any CPU
		{37D4A4CF-321E-4AD8-A892-7BA3B20D2C09}.Release|x86.ActiveCfg = Release|Any CPU
		{37D4A4CF-321E-4AD8-A892-7BA3B20D2C09}.Release|x86.Build.0 = Release|Any CPU
		{0AC810AC-C061-4016-ABB8-47411ED8D402}.Debug|Any CPU.ActiveCfg = Debug|x64
		{0AC810AC-C061-4016-ABB8-47411ED8D402}.Debug|Any CPU.Build.0 = Debug|x64
		{0AC810AC-C061-4016-ABB8-47411ED8D402}.Debug|x64.ActiveCfg = Debug|x64
		{0AC810AC-C061-4016-ABB8-47411ED8D402}.Debug|x64.Build.0 = Debug|x64
		{0AC810AC-C061-4016-ABB8-47411ED8D402}.Debug|x86.ActiveCfg = Debug|x64
		{0AC810AC-C061-4016-ABB8-47411ED8D402}.Release|Any CPU.ActiveCfg = Release|x64
		{0AC810AC-C061-4016-ABB8-47411ED8D402}.Release|x64.ActiveCfg = Release|x64
		{0AC810AC-C061-4016-ABB8-47411ED8D402}.Release|x64.Build.0 = Release|x64
		{0AC810AC-C061-4016-ABB8-47411ED8D402}.Release|x86.ActiveCfg = Release|x64
		{5A92C6EF-6D9C-486F-8411-60C29E438FA8}.Debug|Any CPU.ActiveCfg = Debug|Any CPU
		{5A92C6EF-6D9C-486F-8411-60C29E438FA8}.Debug|Any CPU.Build.0 = Debug|Any CPU
		{5A92C6EF-6D9C-486F-8411-60C29E438FA8}.Debug|x64.ActiveCfg = Debug|Any CPU
		{5A92C6EF-6D9C-486F-8411-60C29E438FA8}.Debug|x64.Build.0 = Debug|Any CPU
		{5A92C6EF-6D9C-486F-8411-60C29E438FA8}.Debug|x86.ActiveCfg = Debug|Any CPU
		{5A92C6EF-6D9C-486F-8411-60C29E438FA8}.Debug|x86.Build.0 = Debug|Any CPU
		{5A92C6EF-6D9C-486F-8411-60C29E438FA8}.Release|Any CPU.ActiveCfg = Release|Any CPU
		{5A92C6EF-6D9C-486F-8411-60C29E438FA8}.Release|Any CPU.Build.0 = Release|Any CPU
		{5A92C6EF-6D9C-486F-8411-60C29E438FA8}.Release|x64.ActiveCfg = Release|Any CPU
		{5A92C6EF-6D9C-486F-8411-60C29E438FA8}.Release|x64.Build.0 = Release|Any CPU
		{5A92C6EF-6D9C-486F-8411-60C29E438FA8}.Release|x86.ActiveCfg = Release|Any CPU
		{5A92C6EF-6D9C-486F-8411-60C29E438FA8}.Release|x86.Build.0 = Release|Any CPU
	EndGlobalSection
	GlobalSection(SolutionProperties) = preSolution
		HideSolutionNode = FALSE
	EndGlobalSection
	GlobalSection(ExtensibilityGlobals) = postSolution
		SolutionGuid = {213A589E-DD71-4951-91FA-3800F76416B1}
	EndGlobalSection
EndGlobal
